
Microsoft Visual Studio Solution File, Format Version 12.00
# Visual Studio 15
VisualStudioVersion = 15.0.28307.1145
MinimumVisualStudioVersion = 10.0.40219.1
Project("{FAE04EC0-301F-11D3-BF4B-00C04F79EFBC}") = "AcceleSystem", "AcceleSystem\AcceleSystem.csproj", "{2327D286-9F62-49F9-BA2B-7CEC19CC051F}"
EndProject
Project("{FAE04EC0-301F-11D3-BF4B-00C04F79EFBC}") = "DL", "DL\DL.csproj", "{86A23955-7AC1-4263-BC9A-96165936864C}"
EndProject
Project("{FAE04EC0-301F-11D3-BF4B-00C04F79EFBC}") = "UserBL", "UserBL\UserBL.csproj", "{56023BBA-489A-45E5-B8F0-DBC21216383F}"
EndProject
Project("{FAE04EC0-301F-11D3-BF4B-00C04F79EFBC}") = "Models", "Models\Models.csproj", "{896A79E0-6565-4FC3-B927-50F8F80F5850}"
EndProject
Project("{FAE04EC0-301F-11D3-BF4B-00C04F79EFBC}") = "BrandBL", "BrandBL\BrandBL.csproj", "{A256F918-3D19-49EB-91FF-D38D4B2E09F1}"
EndProject
Project("{FAE04EC0-301F-11D3-BF4B-00C04F79EFBC}") = "MessageBL", "MessageBL\MessageBL.csproj", "{8C241484-F5D3-4ECF-BBC8-46CE34FD85AE}"
EndProject
Project("{FAE04EC0-301F-11D3-BF4B-00C04F79EFBC}") = "KanagataBL", "KanagataBL\KanagataBL.csproj", "{EC4DE58B-60F4-495A-AB3E-01D4C305FDCE}"
EndProject
Project("{FAE04EC0-301F-11D3-BF4B-00C04F79EFBC}") = "KeihiSetteiBL", "KeihiSetteiBL\KeihiSetteiBL.csproj", "{5853DA41-4E0B-448F-83EB-E65C44375703}"
EndProject
Project("{FAE04EC0-301F-11D3-BF4B-00C04F79EFBC}") = "CommonBL", "CommonBL\CommonBL.csproj", "{20CB34C1-BE05-421B-8FB8-4AD5AC09DEC2}"
EndProject
Project("{FAE04EC0-301F-11D3-BF4B-00C04F79EFBC}") = "Koushin_GetsujiBL", "Koushin_GetsujiBL\Koushin_GetsujiBL.csproj", "{409514F1-D353-4D2C-8781-439AAA727170}"
EndProject
Global
	GlobalSection(SolutionConfigurationPlatforms) = preSolution
		Debug|Any CPU = Debug|Any CPU
		Release|Any CPU = Release|Any CPU
	EndGlobalSection
	GlobalSection(ProjectConfigurationPlatforms) = postSolution
		{2327D286-9F62-49F9-BA2B-7CEC19CC051F}.Debug|Any CPU.ActiveCfg = Debug|Any CPU
		{2327D286-9F62-49F9-BA2B-7CEC19CC051F}.Debug|Any CPU.Build.0 = Debug|Any CPU
		{2327D286-9F62-49F9-BA2B-7CEC19CC051F}.Release|Any CPU.ActiveCfg = Release|Any CPU
		{2327D286-9F62-49F9-BA2B-7CEC19CC051F}.Release|Any CPU.Build.0 = Release|Any CPU
		{86A23955-7AC1-4263-BC9A-96165936864C}.Debug|Any CPU.ActiveCfg = Debug|Any CPU
		{86A23955-7AC1-4263-BC9A-96165936864C}.Debug|Any CPU.Build.0 = Debug|Any CPU
		{86A23955-7AC1-4263-BC9A-96165936864C}.Release|Any CPU.ActiveCfg = Release|Any CPU
		{86A23955-7AC1-4263-BC9A-96165936864C}.Release|Any CPU.Build.0 = Release|Any CPU
		{56023BBA-489A-45E5-B8F0-DBC21216383F}.Debug|Any CPU.ActiveCfg = Debug|Any CPU
		{56023BBA-489A-45E5-B8F0-DBC21216383F}.Debug|Any CPU.Build.0 = Debug|Any CPU
		{56023BBA-489A-45E5-B8F0-DBC21216383F}.Release|Any CPU.ActiveCfg = Release|Any CPU
		{56023BBA-489A-45E5-B8F0-DBC21216383F}.Release|Any CPU.Build.0 = Release|Any CPU
		{896A79E0-6565-4FC3-B927-50F8F80F5850}.Debug|Any CPU.ActiveCfg = Debug|Any CPU
		{896A79E0-6565-4FC3-B927-50F8F80F5850}.Debug|Any CPU.Build.0 = Debug|Any CPU
		{896A79E0-6565-4FC3-B927-50F8F80F5850}.Release|Any CPU.ActiveCfg = Release|Any CPU
		{896A79E0-6565-4FC3-B927-50F8F80F5850}.Release|Any CPU.Build.0 = Release|Any CPU
		{A256F918-3D19-49EB-91FF-D38D4B2E09F1}.Debug|Any CPU.ActiveCfg = Debug|Any CPU
		{A256F918-3D19-49EB-91FF-D38D4B2E09F1}.Debug|Any CPU.Build.0 = Debug|Any CPU
		{A256F918-3D19-49EB-91FF-D38D4B2E09F1}.Release|Any CPU.ActiveCfg = Release|Any CPU
		{A256F918-3D19-49EB-91FF-D38D4B2E09F1}.Release|Any CPU.Build.0 = Release|Any CPU
		{8C241484-F5D3-4ECF-BBC8-46CE34FD85AE}.Debug|Any CPU.ActiveCfg = Debug|Any CPU
		{8C241484-F5D3-4ECF-BBC8-46CE34FD85AE}.Debug|Any CPU.Build.0 = Debug|Any CPU
		{8C241484-F5D3-4ECF-BBC8-46CE34FD85AE}.Release|Any CPU.ActiveCfg = Release|Any CPU
		{8C241484-F5D3-4ECF-BBC8-46CE34FD85AE}.Release|Any CPU.Build.0 = Release|Any CPU
		{EC4DE58B-60F4-495A-AB3E-01D4C305FDCE}.Debug|Any CPU.ActiveCfg = Debug|Any CPU
		{EC4DE58B-60F4-495A-AB3E-01D4C305FDCE}.Debug|Any CPU.Build.0 = Debug|Any CPU
		{EC4DE58B-60F4-495A-AB3E-01D4C305FDCE}.Release|Any CPU.ActiveCfg = Release|Any CPU
		{EC4DE58B-60F4-495A-AB3E-01D4C305FDCE}.Release|Any CPU.Build.0 = Release|Any CPU
		{5853DA41-4E0B-448F-83EB-E65C44375703}.Debug|Any CPU.ActiveCfg = Debug|Any CPU
		{5853DA41-4E0B-448F-83EB-E65C44375703}.Debug|Any CPU.Build.0 = Debug|Any CPU
		{5853DA41-4E0B-448F-83EB-E65C44375703}.Release|Any CPU.ActiveCfg = Release|Any CPU
		{5853DA41-4E0B-448F-83EB-E65C44375703}.Release|Any CPU.Build.0 = Release|Any CPU
		{20CB34C1-BE05-421B-8FB8-4AD5AC09DEC2}.Debug|Any CPU.ActiveCfg = Debug|Any CPU
		{20CB34C1-BE05-421B-8FB8-4AD5AC09DEC2}.Debug|Any CPU.Build.0 = Debug|Any CPU
		{20CB34C1-BE05-421B-8FB8-4AD5AC09DEC2}.Release|Any CPU.ActiveCfg = Release|Any CPU
		{20CB34C1-BE05-421B-8FB8-4AD5AC09DEC2}.Release|Any CPU.Build.0 = Release|Any CPU
		{409514F1-D353-4D2C-8781-439AAA727170}.Debug|Any CPU.ActiveCfg = Debug|Any CPU
		{409514F1-D353-4D2C-8781-439AAA727170}.Debug|Any CPU.Build.0 = Debug|Any CPU
		{409514F1-D353-4D2C-8781-439AAA727170}.Release|Any CPU.ActiveCfg = Release|Any CPU
		{409514F1-D353-4D2C-8781-439AAA727170}.Release|Any CPU.Build.0 = Release|Any CPU
	EndGlobalSection
	GlobalSection(SolutionProperties) = preSolution
		HideSolutionNode = FALSE
	EndGlobalSection
	GlobalSection(ExtensibilityGlobals) = postSolution
		SolutionGuid = {F5E7BF77-E334-45D5-BF76-B0892C910CD0}
	EndGlobalSection
EndGlobal
